
Microsoft Visual Studio Solution File, Format Version 12.00
# Visual Studio Version 17
VisualStudioVersion = 17.4.33103.184
MinimumVisualStudioVersion = 10.0.40219.1
Project("{9A19103F-16F7-4668-BE54-9A1E7A4F7556}") = "ConsoleServer", "ConsoleServer\ConsoleServer.csproj", "{32993F3B-D87A-4E80-B9D7-89A4B7C34EE3}"
EndProject
Project("{9A19103F-16F7-4668-BE54-9A1E7A4F7556}") = "ConsoleClient", "ConsoleClient\ConsoleClient.csproj", "{E2E2A7CC-35E8-4693-9C6A-8B00320DFF2A}"
EndProject
Project("{FAE04EC0-301F-11D3-BF4B-00C04F79EFBC}") = "ConsoleServerChat", "ConsoleServerChat\ConsoleServerChat.csproj", "{53B305E4-F0D5-4940-9426-C10A817B3827}"
EndProject
Project("{FAE04EC0-301F-11D3-BF4B-00C04F79EFBC}") = "WpfClientChat", "WpfClientChat\WpfClientChat.csproj", "{61C83DE2-DC83-42BF-8398-FA6C9901D78D}"
EndProject
Global
	GlobalSection(SolutionConfigurationPlatforms) = preSolution
		Debug|Any CPU = Debug|Any CPU
		Release|Any CPU = Release|Any CPU
	EndGlobalSection
	GlobalSection(ProjectConfigurationPlatforms) = postSolution
		{32993F3B-D87A-4E80-B9D7-89A4B7C34EE3}.Debug|Any CPU.ActiveCfg = Debug|Any CPU
		{32993F3B-D87A-4E80-B9D7-89A4B7C34EE3}.Debug|Any CPU.Build.0 = Debug|Any CPU
		{32993F3B-D87A-4E80-B9D7-89A4B7C34EE3}.Release|Any CPU.ActiveCfg = Release|Any CPU
		{32993F3B-D87A-4E80-B9D7-89A4B7C34EE3}.Release|Any CPU.Build.0 = Release|Any CPU
		{E2E2A7CC-35E8-4693-9C6A-8B00320DFF2A}.Debug|Any CPU.ActiveCfg = Debug|Any CPU
		{E2E2A7CC-35E8-4693-9C6A-8B00320DFF2A}.Debug|Any CPU.Build.0 = Debug|Any CPU
		{E2E2A7CC-35E8-4693-9C6A-8B00320DFF2A}.Release|Any CPU.ActiveCfg = Release|Any CPU
		{E2E2A7CC-35E8-4693-9C6A-8B00320DFF2A}.Release|Any CPU.Build.0 = Release|Any CPU
		{53B305E4-F0D5-4940-9426-C10A817B3827}.Debug|Any CPU.ActiveCfg = Debug|Any CPU
		{53B305E4-F0D5-4940-9426-C10A817B3827}.Debug|Any CPU.Build.0 = Debug|Any CPU
		{53B305E4-F0D5-4940-9426-C10A817B3827}.Release|Any CPU.ActiveCfg = Release|Any CPU
		{53B305E4-F0D5-4940-9426-C10A817B3827}.Release|Any CPU.Build.0 = Release|Any CPU
		{61C83DE2-DC83-42BF-8398-FA6C9901D78D}.Debug|Any CPU.ActiveCfg = Debug|Any CPU
		{61C83DE2-DC83-42BF-8398-FA6C9901D78D}.Debug|Any CPU.Build.0 = Debug|Any CPU
		{61C83DE2-DC83-42BF-8398-FA6C9901D78D}.Release|Any CPU.ActiveCfg = Release|Any CPU
		{61C83DE2-DC83-42BF-8398-FA6C9901D78D}.Release|Any CPU.Build.0 = Release|Any CPU
	EndGlobalSection
	GlobalSection(SolutionProperties) = preSolution
		HideSolutionNode = FALSE
	EndGlobalSection
	GlobalSection(ExtensibilityGlobals) = postSolution
		SolutionGuid = {5656117F-62F6-4069-BA6E-09CA37DA69BE}
	EndGlobalSection
EndGlobal
